{
  "originHash" : "8af0be3e6cd18a1955a304c6e89d0aca0f62b0bb804083ec687df160dac4c715",
  "pins" : [
    {
      "identity" : "generative-ai-swift",
      "kind" : "remoteSourceControl",
      "location" : "https://github.com/google/generative-ai-swift",
      "state" : {
        "revision" : "2b8f14cfd158982fe3b2c8a8582ac3af5743742f",
        "version" : "0.5.5"
      }
    },
    {
      "identity" : "swiftopenai",
      "kind" : "remoteSourceControl",
      "location" : "https://github.com/jamesrochabrun/SwiftOpenAI",
      "state" : {
        "branch" : "main",
        "revision" : "7090d164fecf51b5ca55000b054dd469e9eb9265"
      }
    }
  ],
  "version" : 3
}
