// !$*UTF8*$!
{
	archiveVersion = 1;
	classes = {
	};
	objectVersion = 77;
	objects = {

/* Begin PBXBuildFile section */
		0659DB0D2C76E37600196064 /* GoogleGenerativeAI in Frameworks */ = {isa = PBXBuildFile; productRef = 0659DB0C2C76E37600196064 /* GoogleGenerativeAI */; };
		06E405532C7005C80002BA2E /* SwiftOpenAI in Frameworks */ = {isa = PBXBuildFile; productRef = 06E405522C7005C80002BA2E /* SwiftOpenAI */; };
		06E4055D2C70F7330002BA2E /* Secrets.plist in Resources */ = {isa = PBXBuildFile; fileRef = 06E4055C2C70F7330002BA2E /* Secrets.plist */; };
		06E405612C70F74D0002BA2E /* Secrets.example.plist in Resources */ = {isa = PBXBuildFile; fileRef = 06E405602C70F74D0002BA2E /* Secrets.example.plist */; };
/* End PBXBuildFile section */

/* Begin PBXContainerItemProxy section */
		06923AEE2C6F04B600A4C0D1 /* PBXContainerItemProxy */ = {
			isa = PBXContainerItemProxy;
			containerPortal = 06923AD02C6F04B500A4C0D1 /* Project object */;
			proxyType = 1;
			remoteGlobalIDString = 06923AD72C6F04B500A4C0D1;
			remoteInfo = ChefMind;
		};
		06923AF82C6F04B600A4C0D1 /* PBXContainerItemProxy */ = {
			isa = PBXContainerItemProxy;
			containerPortal = 06923AD02C6F04B500A4C0D1 /* Project object */;
			proxyType = 1;
			remoteGlobalIDString = 06923AD72C6F04B500A4C0D1;
			remoteInfo = ChefMind;
		};
/* End PBXContainerItemProxy section */

/* Begin PBXFileReference section */
		06923AD82C6F04B500A4C0D1 /* ChefMind.app */ = {isa = PBXFileReference; explicitFileType = wrapper.application; includeInIndex = 0; path = ChefMind.app; sourceTree = BUILT_PRODUCTS_DIR; };
		06923AED2C6F04B600A4C0D1 /* ChefMindTests.xctest */ = {isa = PBXFileReference; explicitFileType = wrapper.cfbundle; includeInIndex = 0; path = ChefMindTests.xctest; sourceTree = BUILT_PRODUCTS_DIR; };
		06923AF72C6F04B600A4C0D1 /* ChefMindUITests.xctest */ = {isa = PBXFileReference; explicitFileType = wrapper.cfbundle; includeInIndex = 0; path = ChefMindUITests.xctest; sourceTree = BUILT_PRODUCTS_DIR; };
		06E4055C2C70F7330002BA2E /* Secrets.plist */ = {isa = PBXFileReference; lastKnownFileType = text.plist.xml; path = Secrets.plist; sourceTree = "<group>"; };
		06E405602C70F74D0002BA2E /* Secrets.example.plist */ = {isa = PBXFileReference; lastKnownFileType = text.plist.xml; path = Secrets.example.plist; sourceTree = "<group>"; };
/* End PBXFileReference section */

/* Begin PBXFileSystemSynchronizedRootGroup section */
		06923ADA2C6F04B500A4C0D1 /* ChefMind */ = {
			isa = PBXFileSystemSynchronizedRootGroup;
			path = ChefMind;
			sourceTree = "<group>";
		};
		06923AF02C6F04B600A4C0D1 /* ChefMindTests */ = {
			isa = PBXFileSystemSynchronizedRootGroup;
			path = ChefMindTests;
			sourceTree = "<group>";
		};
		06923AFA2C6F04B600A4C0D1 /* ChefMindUITests */ = {
			isa = PBXFileSystemSynchronizedRootGroup;
			path = ChefMindUITests;
			sourceTree = "<group>";
		};
/* End PBXFileSystemSynchronizedRootGroup section */

/* Begin PBXFrameworksBuildPhase section */
		06923AD52C6F04B500A4C0D1 /* Frameworks */ = {
			isa = PBXFrameworksBuildPhase;
			buildActionMask = 2147483647;
			files = (
				06E405532C7005C80002BA2E /* SwiftOpenAI in Frameworks */,
				0659DB0D2C76E37600196064 /* GoogleGenerativeAI in Frameworks */,
			);
			runOnlyForDeploymentPostprocessing = 0;
		};
		06923AEA2C6F04B600A4C0D1 /* Frameworks */ = {
			isa = PBXFrameworksBuildPhase;
			buildActionMask = 2147483647;
			files = (
			);
			runOnlyForDeploymentPostprocessing = 0;
		};
		06923AF42C6F04B600A4C0D1 /* Frameworks */ = {
			isa = PBXFrameworksBuildPhase;
			buildActionMask = 2147483647;
			files = (
			);
			runOnlyForDeploymentPostprocessing = 0;
		};
/* End PBXFrameworksBuildPhase section */

/* Begin PBXGroup section */
		0659DB0B2C76E37600196064 /* Frameworks */ = {
			isa = PBXGroup;
			children = (
			);
			name = Frameworks;
			sourceTree = "<group>";
		};
		06923ACF2C6F04B500A4C0D1 = {
			isa = PBXGroup;
			children = (
				06923ADA2C6F04B500A4C0D1 /* ChefMind */,
				06923AF02C6F04B600A4C0D1 /* ChefMindTests */,
				06923AFA2C6F04B600A4C0D1 /* ChefMindUITests */,
				06923AD92C6F04B500A4C0D1 /* Products */,
				06E4055C2C70F7330002BA2E /* Secrets.plist */,
				06E405602C70F74D0002BA2E /* Secrets.example.plist */,
				0659DB0B2C76E37600196064 /* Frameworks */,
			);
			sourceTree = "<group>";
		};
		06923AD92C6F04B500A4C0D1 /* Products */ = {
			isa = PBXGroup;
			children = (
				06923AD82C6F04B500A4C0D1 /* ChefMind.app */,
				06923AED2C6F04B600A4C0D1 /* ChefMindTests.xctest */,
				06923AF72C6F04B600A4C0D1 /* ChefMindUITests.xctest */,
			);
			name = Products;
			sourceTree = "<group>";
		};
/* End PBXGroup section */

/* Begin PBXNativeTarget section */
		06923AD72C6F04B500A4C0D1 /* ChefMind */ = {
			isa = PBXNativeTarget;
			buildConfigurationList = 06923B012C6F04B600A4C0D1 /* Build configuration list for PBXNativeTarget "ChefMind" */;
			buildPhases = (
				06923AD42C6F04B500A4C0D1 /* Sources */,
				06923AD52C6F04B500A4C0D1 /* Frameworks */,
				06923AD62C6F04B500A4C0D1 /* Resources */,
			);
			buildRules = (
			);
			dependencies = (
			);
			fileSystemSynchronizedGroups = (
				06923ADA2C6F04B500A4C0D1 /* ChefMind */,
			);
			name = ChefMind;
			packageProductDependencies = (
				06E405522C7005C80002BA2E /* SwiftOpenAI */,
				0659DB0C2C76E37600196064 /* GoogleGenerativeAI */,
			);
			productName = ChefMind;
			productReference = 06923AD82C6F04B500A4C0D1 /* ChefMind.app */;
			productType = "com.apple.product-type.application";
		};
		06923AEC2C6F04B600A4C0D1 /* ChefMindTests */ = {
			isa = PBXNativeTarget;
			buildConfigurationList = 06923B042C6F04B600A4C0D1 /* Build configuration list for PBXNativeTarget "ChefMindTests" */;
			buildPhases = (
				06923AE92C6F04B600A4C0D1 /* Sources */,
				06923AEA2C6F04B600A4C0D1 /* Frameworks */,
				06923AEB2C6F04B600A4C0D1 /* Resources */,
			);
			buildRules = (
			);
			dependencies = (
				06923AEF2C6F04B600A4C0D1 /* PBXTargetDependency */,
			);
			fileSystemSynchronizedGroups = (
				06923AF02C6F04B600A4C0D1 /* ChefMindTests */,
			);
			name = ChefMindTests;
			packageProductDependencies = (
			);
			productName = ChefMindTests;
			productReference = 06923AED2C6F04B600A4C0D1 /* ChefMindTests.xctest */;
			productType = "com.apple.product-type.bundle.unit-test";
		};
		06923AF62C6F04B600A4C0D1 /* ChefMindUITests */ = {
			isa = PBXNativeTarget;
			buildConfigurationList = 06923B072C6F04B600A4C0D1 /* Build configuration list for PBXNativeTarget "ChefMindUITests" */;
			buildPhases = (
				06923AF32C6F04B600A4C0D1 /* Sources */,
				06923AF42C6F04B600A4C0D1 /* Frameworks */,
				06923AF52C6F04B600A4C0D1 /* Resources */,
			);
			buildRules = (
			);
			dependencies = (
				06923AF92C6F04B600A4C0D1 /* PBXTargetDependency */,
			);
			fileSystemSynchronizedGroups = (
				06923AFA2C6F04B600A4C0D1 /* ChefMindUITests */,
			);
			name = ChefMindUITests;
			packageProductDependencies = (
			);
			productName = ChefMindUITests;
			productReference = 06923AF72C6F04B600A4C0D1 /* ChefMindUITests.xctest */;
			productType = "com.apple.product-type.bundle.ui-testing";
		};
/* End PBXNativeTarget section */

/* Begin PBXProject section */
		06923AD02C6F04B500A4C0D1 /* Project object */ = {
			isa = PBXProject;
			attributes = {
				BuildIndependentTargetsInParallel = 1;
				LastSwiftUpdateCheck = 1610;
				LastUpgradeCheck = 1610;
				TargetAttributes = {
					06923AD72C6F04B500A4C0D1 = {
						CreatedOnToolsVersion = 16.1;
					};
					06923AEC2C6F04B600A4C0D1 = {
						CreatedOnToolsVersion = 16.1;
						TestTargetID = 06923AD72C6F04B500A4C0D1;
					};
					06923AF62C6F04B600A4C0D1 = {
						CreatedOnToolsVersion = 16.1;
						TestTargetID = 06923AD72C6F04B500A4C0D1;
					};
				};
			};
			buildConfigurationList = 06923AD32C6F04B500A4C0D1 /* Build configuration list for PBXProject "ChefMind" */;
			developmentRegion = en;
			hasScannedForEncodings = 0;
			knownRegions = (
				en,
				Base,
			);
			mainGroup = 06923ACF2C6F04B500A4C0D1;
			minimizedProjectReferenceProxies = 1;
			packageReferences = (
				06E405512C7005C80002BA2E /* XCRemoteSwiftPackageReference "SwiftOpenAI" */,
				0659DB0A2C76E35700196064 /* XCRemoteSwiftPackageReference "generative-ai-swift" */,
			);
			preferredProjectObjectVersion = 77;
			productRefGroup = 06923AD92C6F04B500A4C0D1 /* Products */;
			projectDirPath = "";
			projectRoot = "";
			targets = (
				06923AD72C6F04B500A4C0D1 /* ChefMind */,
				06923AEC2C6F04B600A4C0D1 /* ChefMindTests */,
				06923AF62C6F04B600A4C0D1 /* ChefMindUITests */,
			);
		};
/* End PBXProject section */

/* Begin PBXResourcesBuildPhase section */
		06923AD62C6F04B500A4C0D1 /* Resources */ = {
			isa = PBXResourcesBuildPhase;
			buildActionMask = 2147483647;
			files = (
				06E4055D2C70F7330002BA2E /* Secrets.plist in Resources */,
				06E405612C70F74D0002BA2E /* Secrets.example.plist in Resources */,
			);
			runOnlyForDeploymentPostprocessing = 0;
		};
		06923AEB2C6F04B600A4C0D1 /* Resources */ = {
			isa = PBXResourcesBuildPhase;
			buildActionMask = 2147483647;
			files = (
			);
			runOnlyForDeploymentPostprocessing = 0;
		};
		06923AF52C6F04B600A4C0D1 /* Resources */ = {
			isa = PBXResourcesBuildPhase;
			buildActionMask = 2147483647;
			files = (
			);
			runOnlyForDeploymentPostprocessing = 0;
		};
/* End PBXResourcesBuildPhase section */

/* Begin PBXSourcesBuildPhase section */
		06923AD42C6F04B500A4C0D1 /* Sources */ = {
			isa = PBXSourcesBuildPhase;
			buildActionMask = 2147483647;
			files = (
			);
			runOnlyForDeploymentPostprocessing = 0;
		};
		06923AE92C6F04B600A4C0D1 /* Sources */ = {
			isa = PBXSourcesBuildPhase;
			buildActionMask = 2147483647;
			files = (
			);
			runOnlyForDeploymentPostprocessing = 0;
		};
		06923AF32C6F04B600A4C0D1 /* Sources */ = {
			isa = PBXSourcesBuildPhase;
			buildActionMask = 2147483647;
			files = (
			);
			runOnlyForDeploymentPostprocessing = 0;
		};
/* End PBXSourcesBuildPhase section */

/* Begin PBXTargetDependency section */
		06923AEF2C6F04B600A4C0D1 /* PBXTargetDependency */ = {
			isa = PBXTargetDependency;
			target = 06923AD72C6F04B500A4C0D1 /* ChefMind */;
			targetProxy = 06923AEE2C6F04B600A4C0D1 /* PBXContainerItemProxy */;
		};
		06923AF92C6F04B600A4C0D1 /* PBXTargetDependency */ = {
			isa = PBXTargetDependency;
			target = 06923AD72C6F04B500A4C0D1 /* ChefMind */;
			targetProxy = 06923AF82C6F04B600A4C0D1 /* PBXContainerItemProxy */;
		};
/* End PBXTargetDependency section */

/* Begin XCBuildConfiguration section */
		06923AFF2C6F04B600A4C0D1 /* Debug */ = {
			isa = XCBuildConfiguration;
			buildSettings = {
				ALWAYS_SEARCH_USER_PATHS = NO;
				ASSETCATALOG_COMPILER_GENERATE_SWIFT_ASSET_SYMBOL_EXTENSIONS = YES;
				CLANG_ANALYZER_NONNULL = YES;
				CLANG_ANALYZER_NUMBER_OBJECT_CONVERSION = YES_AGGRESSIVE;
				CLANG_CXX_LANGUAGE_STANDARD = "gnu++20";
				CLANG_ENABLE_MODULES = YES;
				CLANG_ENABLE_OBJC_ARC = YES;
				CLANG_ENABLE_OBJC_WEAK = YES;
				CLANG_WARN_BLOCK_CAPTURE_AUTORELEASING = YES;
				CLANG_WARN_BOOL_CONVERSION = YES;
				CLANG_WARN_COMMA = YES;
				CLANG_WARN_CONSTANT_CONVERSION = YES;
				CLANG_WARN_DEPRECATED_OBJC_IMPLEMENTATIONS = YES;
				CLANG_WARN_DIRECT_OBJC_ISA_USAGE = YES_ERROR;
				CLANG_WARN_DOCUMENTATION_COMMENTS = YES;
				CLANG_WARN_EMPTY_BODY = YES;
				CLANG_WARN_ENUM_CONVERSION = YES;
				CLANG_WARN_INFINITE_RECURSION = YES;
				CLANG_WARN_INT_CONVERSION = YES;
				CLANG_WARN_NON_LITERAL_NULL_CONVERSION = YES;
				CLANG_WARN_OBJC_IMPLICIT_RETAIN_SELF = YES;
				CLANG_WARN_OBJC_LITERAL_CONVERSION = YES;
				CLANG_WARN_OBJC_ROOT_CLASS = YES_ERROR;
				CLANG_WARN_QUOTED_INCLUDE_IN_FRAMEWORK_HEADER = YES;
				CLANG_WARN_RANGE_LOOP_ANALYSIS = YES;
				CLANG_WARN_STRICT_PROTOTYPES = YES;
				CLANG_WARN_SUSPICIOUS_MOVE = YES;
				CLANG_WARN_UNGUARDED_AVAILABILITY = YES_AGGRESSIVE;
				CLANG_WARN_UNREACHABLE_CODE = YES;
				CLANG_WARN__DUPLICATE_METHOD_MATCH = YES;
				COPY_PHASE_STRIP = NO;
				DEBUG_INFORMATION_FORMAT = dwarf;
				ENABLE_STRICT_OBJC_MSGSEND = YES;
				ENABLE_TESTABILITY = YES;
				ENABLE_USER_SCRIPT_SANDBOXING = YES;
				GCC_C_LANGUAGE_STANDARD = gnu17;
				GCC_DYNAMIC_NO_PIC = NO;
				GCC_NO_COMMON_BLOCKS = YES;
				GCC_OPTIMIZATION_LEVEL = 0;
				GCC_PREPROCESSOR_DEFINITIONS = (
					"DEBUG=1",
					"$(inherited)",
				);
				GCC_WARN_64_TO_32_BIT_CONVERSION = YES;
				GCC_WARN_ABOUT_RETURN_TYPE = YES_ERROR;
				GCC_WARN_UNDECLARED_SELECTOR = YES;
				GCC_WARN_UNINITIALIZED_AUTOS = YES_AGGRESSIVE;
				GCC_WARN_UNUSED_FUNCTION = YES;
				GCC_WARN_UNUSED_VARIABLE = YES;
				IPHONEOS_DEPLOYMENT_TARGET = 18.1;
				LOCALIZATION_PREFERS_STRING_CATALOGS = YES;
				MTL_ENABLE_DEBUG_INFO = INCLUDE_SOURCE;
				MTL_FAST_MATH = YES;
				ONLY_ACTIVE_ARCH = YES;
				SDKROOT = iphoneos;
				SWIFT_ACTIVE_COMPILATION_CONDITIONS = "DEBUG $(inherited)";
				SWIFT_OPTIMIZATION_LEVEL = "-Onone";
			};
			name = Debug;
		};
		06923B002C6F04B600A4C0D1 /* Release */ = {
			isa = XCBuildConfiguration;
			buildSettings = {
				ALWAYS_SEARCH_USER_PATHS = NO;
				ASSETCATALOG_COMPILER_GENERATE_SWIFT_ASSET_SYMBOL_EXTENSIONS = YES;
				CLANG_ANALYZER_NONNULL = YES;
				CLANG_ANALYZER_NUMBER_OBJECT_CONVERSION = YES_AGGRESSIVE;
				CLANG_CXX_LANGUAGE_STANDARD = "gnu++20";
				CLANG_ENABLE_MODULES = YES;
				CLANG_ENABLE_OBJC_ARC = YES;
				CLANG_ENABLE_OBJC_WEAK = YES;
				CLANG_WARN_BLOCK_CAPTURE_AUTORELEASING = YES;
				CLANG_WARN_BOOL_CONVERSION = YES;
				CLANG_WARN_COMMA = YES;
				CLANG_WARN_CONSTANT_CONVERSION = YES;
				CLANG_WARN_DEPRECATED_OBJC_IMPLEMENTATIONS = YES;
				CLANG_WARN_DIRECT_OBJC_ISA_USAGE = YES_ERROR;
				CLANG_WARN_DOCUMENTATION_COMMENTS = YES;
				CLANG_WARN_EMPTY_BODY = YES;
				CLANG_WARN_ENUM_CONVERSION = YES;
				CLANG_WARN_INFINITE_RECURSION = YES;
				CLANG_WARN_INT_CONVERSION = YES;
				CLANG_WARN_NON_LITERAL_NULL_CONVERSION = YES;
				CLANG_WARN_OBJC_IMPLICIT_RETAIN_SELF = YES;
				CLANG_WARN_OBJC_LITERAL_CONVERSION = YES;
				CLANG_WARN_OBJC_ROOT_CLASS = YES_ERROR;
				CLANG_WARN_QUOTED_INCLUDE_IN_FRAMEWORK_HEADER = YES;
				CLANG_WARN_RANGE_LOOP_ANALYSIS = YES;
				CLANG_WARN_STRICT_PROTOTYPES = YES;
				CLANG_WARN_SUSPICIOUS_MOVE = YES;
				CLANG_WARN_UNGUARDED_AVAILABILITY = YES_AGGRESSIVE;
				CLANG_WARN_UNREACHABLE_CODE = YES;
				CLANG_WARN__DUPLICATE_METHOD_MATCH = YES;
				COPY_PHASE_STRIP = NO;
				DEBUG_INFORMATION_FORMAT = "dwarf-with-dsym";
				ENABLE_NS_ASSERTIONS = NO;
				ENABLE_STRICT_OBJC_MSGSEND = YES;
				ENABLE_USER_SCRIPT_SANDBOXING = YES;
				GCC_C_LANGUAGE_STANDARD = gnu17;
				GCC_NO_COMMON_BLOCKS = YES;
				GCC_WARN_64_TO_32_BIT_CONVERSION = YES;
				GCC_WARN_ABOUT_RETURN_TYPE = YES_ERROR;
				GCC_WARN_UNDECLARED_SELECTOR = YES;
				GCC_WARN_UNINITIALIZED_AUTOS = YES_AGGRESSIVE;
				GCC_WARN_UNUSED_FUNCTION = YES;
				GCC_WARN_UNUSED_VARIABLE = YES;
				IPHONEOS_DEPLOYMENT_TARGET = 18.1;
				LOCALIZATION_PREFERS_STRING_CATALOGS = YES;
				MTL_ENABLE_DEBUG_INFO = NO;
				MTL_FAST_MATH = YES;
				SDKROOT = iphoneos;
				SWIFT_COMPILATION_MODE = wholemodule;
				VALIDATE_PRODUCT = YES;
			};
			name = Release;
		};
		06923B022C6F04B600A4C0D1 /* Debug */ = {
			isa = XCBuildConfiguration;
			buildSettings = {
				ASSETCATALOG_COMPILER_APPICON_NAME = AppIcon;
				ASSETCATALOG_COMPILER_GLOBAL_ACCENT_COLOR_NAME = AccentColor;
				CODE_SIGN_STYLE = Automatic;
				CURRENT_PROJECT_VERSION = 1;
				DEVELOPMENT_ASSET_PATHS = "\"ChefMind/Preview Content\"";
				DEVELOPMENT_TEAM = WYY8494SWG;
				ENABLE_PREVIEWS = YES;
				GENERATE_INFOPLIST_FILE = YES;
				INFOPLIST_KEY_UIApplicationSceneManifest_Generation = YES;
				INFOPLIST_KEY_UIApplicationSupportsIndirectInputEvents = YES;
				INFOPLIST_KEY_UILaunchScreen_Generation = YES;
				INFOPLIST_KEY_UISupportedInterfaceOrientations_iPad = "UIInterfaceOrientationPortrait UIInterfaceOrientationPortraitUpsideDown UIInterfaceOrientationLandscapeLeft UIInterfaceOrientationLandscapeRight";
				INFOPLIST_KEY_UISupportedInterfaceOrientations_iPhone = "UIInterfaceOrientationPortrait UIInterfaceOrientationLandscapeLeft UIInterfaceOrientationLandscapeRight";
				IPHONEOS_DEPLOYMENT_TARGET = 18.0;
				LD_RUNPATH_SEARCH_PATHS = (
					"$(inherited)",
					"@executable_path/Frameworks",
				);
				MARKETING_VERSION = 1.0;
				PRODUCT_BUNDLE_IDENTIFIER = Personal.ChefMind;
				PRODUCT_NAME = "$(TARGET_NAME)";
				SWIFT_EMIT_LOC_STRINGS = YES;
				SWIFT_VERSION = 5.0;
				TARGETED_DEVICE_FAMILY = "1,2";
			};
			name = Debug;
		};
		06923B032C6F04B600A4C0D1 /* Release */ = {
			isa = XCBuildConfiguration;
			buildSettings = {
				ASSETCATALOG_COMPILER_APPICON_NAME = AppIcon;
				ASSETCATALOG_COMPILER_GLOBAL_ACCENT_COLOR_NAME = AccentColor;
				CODE_SIGN_STYLE = Automatic;
				CURRENT_PROJECT_VERSION = 1;
				DEVELOPMENT_ASSET_PATHS = "\"ChefMind/Preview Content\"";
				DEVELOPMENT_TEAM = WYY8494SWG;
				ENABLE_PREVIEWS = YES;
				GENERATE_INFOPLIST_FILE = YES;
				INFOPLIST_KEY_UIApplicationSceneManifest_Generation = YES;
				INFOPLIST_KEY_UIApplicationSupportsIndirectInputEvents = YES;
				INFOPLIST_KEY_UILaunchScreen_Generation = YES;
				INFOPLIST_KEY_UISupportedInterfaceOrientations_iPad = "UIInterfaceOrientationPortrait UIInterfaceOrientationPortraitUpsideDown UIInterfaceOrientationLandscapeLeft UIInterfaceOrientationLandscapeRight";
				INFOPLIST_KEY_UISupportedInterfaceOrientations_iPhone = "UIInterfaceOrientationPortrait UIInterfaceOrientationLandscapeLeft UIInterfaceOrientationLandscapeRight";
				IPHONEOS_DEPLOYMENT_TARGET = 18.0;
				LD_RUNPATH_SEARCH_PATHS = (
					"$(inherited)",
					"@executable_path/Frameworks",
				);
				MARKETING_VERSION = 1.0;
				PRODUCT_BUNDLE_IDENTIFIER = Personal.ChefMind;
				PRODUCT_NAME = "$(TARGET_NAME)";
				SWIFT_EMIT_LOC_STRINGS = YES;
				SWIFT_VERSION = 5.0;
				TARGETED_DEVICE_FAMILY = "1,2";
			};
			name = Release;
		};
		06923B052C6F04B600A4C0D1 /* Debug */ = {
			isa = XCBuildConfiguration;
			buildSettings = {
				BUNDLE_LOADER = "$(TEST_HOST)";
				CODE_SIGN_STYLE = Automatic;
				CURRENT_PROJECT_VERSION = 1;
				DEVELOPMENT_TEAM = WYY8494SWG;
				GENERATE_INFOPLIST_FILE = YES;
				IPHONEOS_DEPLOYMENT_TARGET = 18.1;
				MARKETING_VERSION = 1.0;
				PRODUCT_BUNDLE_IDENTIFIER = Personal.ChefMindTests;
				PRODUCT_NAME = "$(TARGET_NAME)";
				SWIFT_EMIT_LOC_STRINGS = NO;
				SWIFT_VERSION = 5.0;
				TARGETED_DEVICE_FAMILY = "1,2";
				TEST_HOST = "$(BUILT_PRODUCTS_DIR)/ChefMind.app/$(BUNDLE_EXECUTABLE_FOLDER_PATH)/ChefMind";
			};
			name = Debug;
		};
		06923B062C6F04B600A4C0D1 /* Release */ = {
			isa = XCBuildConfiguration;
			buildSettings = {
				BUNDLE_LOADER = "$(TEST_HOST)";
				CODE_SIGN_STYLE = Automatic;
				CURRENT_PROJECT_VERSION = 1;
				DEVELOPMENT_TEAM = WYY8494SWG;
				GENERATE_INFOPLIST_FILE = YES;
				IPHONEOS_DEPLOYMENT_TARGET = 18.1;
				MARKETING_VERSION = 1.0;
				PRODUCT_BUNDLE_IDENTIFIER = Personal.ChefMindTests;
				PRODUCT_NAME = "$(TARGET_NAME)";
				SWIFT_EMIT_LOC_STRINGS = NO;
				SWIFT_VERSION = 5.0;
				TARGETED_DEVICE_FAMILY = "1,2";
				TEST_HOST = "$(BUILT_PRODUCTS_DIR)/ChefMind.app/$(BUNDLE_EXECUTABLE_FOLDER_PATH)/ChefMind";
			};
			name = Release;
		};
		06923B082C6F04B600A4C0D1 /* Debug */ = {
			isa = XCBuildConfiguration;
			buildSettings = {
				CODE_SIGN_STYLE = Automatic;
				CURRENT_PROJECT_VERSION = 1;
				DEVELOPMENT_TEAM = WYY8494SWG;
				GENERATE_INFOPLIST_FILE = YES;
				MARKETING_VERSION = 1.0;
				PRODUCT_BUNDLE_IDENTIFIER = Personal.ChefMindUITests;
				PRODUCT_NAME = "$(TARGET_NAME)";
				SWIFT_EMIT_LOC_STRINGS = NO;
				SWIFT_VERSION = 5.0;
				TARGETED_DEVICE_FAMILY = "1,2";
				TEST_TARGET_NAME = ChefMind;
			};
			name = Debug;
		};
		06923B092C6F04B600A4C0D1 /* Release */ = {
			isa = XCBuildConfiguration;
			buildSettings = {
				CODE_SIGN_STYLE = Automatic;
				CURRENT_PROJECT_VERSION = 1;
				DEVELOPMENT_TEAM = WYY8494SWG;
				GENERATE_INFOPLIST_FILE = YES;
				MARKETING_VERSION = 1.0;
				PRODUCT_BUNDLE_IDENTIFIER = Personal.ChefMindUITests;
				PRODUCT_NAME = "$(TARGET_NAME)";
				SWIFT_EMIT_LOC_STRINGS = NO;
				SWIFT_VERSION = 5.0;
				TARGETED_DEVICE_FAMILY = "1,2";
				TEST_TARGET_NAME = ChefMind;
			};
			name = Release;
		};
/* End XCBuildConfiguration section */

/* Begin XCConfigurationList section */
		06923AD32C6F04B500A4C0D1 /* Build configuration list for PBXProject "ChefMind" */ = {
			isa = XCConfigurationList;
			buildConfigurations = (
				06923AFF2C6F04B600A4C0D1 /* Debug */,
				06923B002C6F04B600A4C0D1 /* Release */,
			);
			defaultConfigurationIsVisible = 0;
			defaultConfigurationName = Release;
		};
		06923B012C6F04B600A4C0D1 /* Build configuration list for PBXNativeTarget "ChefMind" */ = {
			isa = XCConfigurationList;
			buildConfigurations = (
				06923B022C6F04B600A4C0D1 /* Debug */,
				06923B032C6F04B600A4C0D1 /* Release */,
			);
			defaultConfigurationIsVisible = 0;
			defaultConfigurationName = Release;
		};
		06923B042C6F04B600A4C0D1 /* Build configuration list for PBXNativeTarget "ChefMindTests" */ = {
			isa = XCConfigurationList;
			buildConfigurations = (
				06923B052C6F04B600A4C0D1 /* Debug */,
				06923B062C6F04B600A4C0D1 /* Release */,
			);
			defaultConfigurationIsVisible = 0;
			defaultConfigurationName = Release;
		};
		06923B072C6F04B600A4C0D1 /* Build configuration list for PBXNativeTarget "ChefMindUITests" */ = {
			isa = XCConfigurationList;
			buildConfigurations = (
				06923B082C6F04B600A4C0D1 /* Debug */,
				06923B092C6F04B600A4C0D1 /* Release */,
			);
			defaultConfigurationIsVisible = 0;
			defaultConfigurationName = Release;
		};
/* End XCConfigurationList section */

/* Begin XCRemoteSwiftPackageReference section */
		0659DB0A2C76E35700196064 /* XCRemoteSwiftPackageReference "generative-ai-swift" */ = {
			isa = XCRemoteSwiftPackageReference;
			repositoryURL = "https://github.com/google/generative-ai-swift";
			requirement = {
				kind = upToNextMajorVersion;
				minimumVersion = 0.5.5;
			};
		};
		06E405512C7005C80002BA2E /* XCRemoteSwiftPackageReference "SwiftOpenAI" */ = {
			isa = XCRemoteSwiftPackageReference;
			repositoryURL = "https://github.com/jamesrochabrun/SwiftOpenAI";
			requirement = {
				branch = main;
				kind = branch;
			};
		};
/* End XCRemoteSwiftPackageReference section */

/* Begin XCSwiftPackageProductDependency section */
		0659DB0C2C76E37600196064 /* GoogleGenerativeAI */ = {
			isa = XCSwiftPackageProductDependency;
			package = 0659DB0A2C76E35700196064 /* XCRemoteSwiftPackageReference "generative-ai-swift" */;
			productName = GoogleGenerativeAI;
		};
		06E405522C7005C80002BA2E /* SwiftOpenAI */ = {
			isa = XCSwiftPackageProductDependency;
			package = 06E405512C7005C80002BA2E /* XCRemoteSwiftPackageReference "SwiftOpenAI" */;
			productName = SwiftOpenAI;
		};
/* End XCSwiftPackageProductDependency section */
	};
	rootObject = 06923AD02C6F04B500A4C0D1 /* Project object */;
}
